<Solution>
  <Project Path="ClassLibrary/ClassLibrary.csproj" Id="691866b0-9476-485a-941d-3a56f6846dfb" />
  <Project Path="ConsoleApp/ConsoleApp.csproj" />
  <Project Path="EventsWinFormsApp/EventsWinFormsApp.csproj" Id="580e8ec0-8b49-467a-89fd-c1288bbf82b4" />
  <Project Path="InterfaceLibrary/InterfaceLibrary.csproj" Id="e03917e4-0abe-4ec9-9d69-1d8804922b32" />
  <Project Path="InterfaceWinFormsApp/InterfaceWinFormsApp.csproj" Id="84f09342-222c-4efb-867d-52522f683b0f" />
  <Project Path="LibraryTestProject/LibraryTestProject.csproj" Id="403b8616-24af-4875-9513-405a350a89bb" />
</Solution>
